{
  "name": "demo",
  "version": "1.0.0",
  "lockfileVersion": 2,
  "requires": true,
  "packages": {
    "": {
      "name": "demo",
      "version": "1.0.0",
      "license": "ISC",
      "dependencies": {
        "@oak-network/api-augment": "file:../packages/api-augment/build",
        "@oak-network/types": "file:../packages/types/build",
        "lodash": "^4.17.21"
      }
    },
    "../packages/api-augment/build": {
      "name": "@oak-network/api-augment",
      "version": "2.0.0",
      "license": "Apache-2.0",
      "dependencies": {
        "@polkadot/types": "^9.9.4"
      },
      "devDependencies": {
        "@polkadot/typegen": "^9.9.4"
      }
    },
    "../packages/types/build": {
      "name": "@oak-network/types",
      "version": "2.0.0",
      "license": "Apache-2.0",
      "dependencies": {
        "@open-web3/orml-type-definitions": "^2.0.1"
      }
    },
    "node_modules/@oak-network/api-augment": {
      "resolved": "../packages/api-augment/build",
      "link": true
    },
    "node_modules/@oak-network/types": {
      "resolved": "../packages/types/build",
      "link": true
    },
    "node_modules/lodash": {
      "version": "4.17.21",
      "resolved": "https://registry.npmjs.org/lodash/-/lodash-4.17.21.tgz",
      "integrity": "sha512-v2kDEe57lecTulaDIuNTPy3Ry4gLGJ6Z1O3vE1krgXZNrsQ+LFTGHVxVjcXPs17LhbZVGedAJv8XZ1tvj5FvSg==",
      "license": "MIT"
    }
  },
  "dependencies": {
    "@oak-network/api-augment": {
      "version": "file:../packages/api-augment/build",
      "requires": {
        "@polkadot/typegen": "^9.9.4",
        "@polkadot/types": "^9.9.4"
      }
    },
    "@oak-network/types": {
      "version": "file:../packages/types/build",
      "requires": {
        "@open-web3/orml-type-definitions": "^2.0.1"
      }
    },
    "lodash": {
      "version": "4.17.21",
      "resolved": "https://registry.npmjs.org/lodash/-/lodash-4.17.21.tgz",
      "integrity": "sha512-v2kDEe57lecTulaDIuNTPy3Ry4gLGJ6Z1O3vE1krgXZNrsQ+LFTGHVxVjcXPs17LhbZVGedAJv8XZ1tvj5FvSg=="
    }
  }
}
